// !$*UTF8*$!
{
	archiveVersion = 1;
	classes = {
	};
	objectVersion = 50;
	objects = {

/* Begin PBXBuildFile section */
		160A8928239DD37400862E91 /* MessageTableViewController.swift in Sources */ = {isa = PBXBuildFile; fileRef = 160A8927239DD37400862E91 /* MessageTableViewController.swift */; };
		160A892A239DD39000862E91 /* MessageTableViewCell.swift in Sources */ = {isa = PBXBuildFile; fileRef = 160A8929239DD39000862E91 /* MessageTableViewCell.swift */; };
		1671427E238F790600C94991 /* launchMusic.mp3 in Resources */ = {isa = PBXBuildFile; fileRef = 1671427D238F790600C94991 /* launchMusic.mp3 */; };
		16714280238F7FA700C94991 /* coinMusic.mp3 in Resources */ = {isa = PBXBuildFile; fileRef = 1671427F238F7FA600C94991 /* coinMusic.mp3 */; };
		16764B1D239A2F650016F887 /* HttpManager.swift in Sources */ = {isa = PBXBuildFile; fileRef = 16764B1C239A2F650016F887 /* HttpManager.swift */; };
		16BC3CB2238CBAFD00205DB7 /* HomeViewController.swift in Sources */ = {isa = PBXBuildFile; fileRef = 16BC3CB1238CBAFD00205DB7 /* HomeViewController.swift */; };
		16D8BAFC238B7C740022D62A /* AppDelegate.swift in Sources */ = {isa = PBXBuildFile; fileRef = 16D8BAFB238B7C740022D62A /* AppDelegate.swift */; };
		16D8BAFE238B7C740022D62A /* SceneDelegate.swift in Sources */ = {isa = PBXBuildFile; fileRef = 16D8BAFD238B7C740022D62A /* SceneDelegate.swift */; };
		16D8BB03238B7C740022D62A /* Main.storyboard in Resources */ = {isa = PBXBuildFile; fileRef = 16D8BB01238B7C740022D62A /* Main.storyboard */; };
		16D8BB05238B7C750022D62A /* Assets.xcassets in Resources */ = {isa = PBXBuildFile; fileRef = 16D8BB04238B7C750022D62A /* Assets.xcassets */; };
		16D8BB08238B7C750022D62A /* LaunchScreen.storyboard in Resources */ = {isa = PBXBuildFile; fileRef = 16D8BB06238B7C750022D62A /* LaunchScreen.storyboard */; };
		16D8BB13238B7CDF0022D62A /* APIStruct.swift in Sources */ = {isa = PBXBuildFile; fileRef = 16D8BB12238B7CDF0022D62A /* APIStruct.swift */; };
		16D8BB16238B86600022D62A /* LoginViewController.swift in Sources */ = {isa = PBXBuildFile; fileRef = 16D8BB15238B86600022D62A /* LoginViewController.swift */; };
		16D8BB18238B9F300022D62A /* StoreViewController.swift in Sources */ = {isa = PBXBuildFile; fileRef = 16D8BB17238B9F300022D62A /* StoreViewController.swift */; };
		16D8BB1A238BA4540022D62A /* AddItemViewController.swift in Sources */ = {isa = PBXBuildFile; fileRef = 16D8BB19238BA4540022D62A /* AddItemViewController.swift */; };
		16D8BB1C238BB4E90022D62A /* ItemTableViewCell.swift in Sources */ = {isa = PBXBuildFile; fileRef = 16D8BB1B238BB4E90022D62A /* ItemTableViewCell.swift */; };
		16D8BB1E238BBCDA0022D62A /* EnumModel.swift in Sources */ = {isa = PBXBuildFile; fileRef = 16D8BB1D238BBCDA0022D62A /* EnumModel.swift */; };
		16DD5397238EA1A500434036 /* DepositViewController.swift in Sources */ = {isa = PBXBuildFile; fileRef = 16DD5396238EA1A500434036 /* DepositViewController.swift */; };
		B86114BE2EB2AA0E4E9BC6BF /* Pods_ancientStore.framework in Frameworks */ = {isa = PBXBuildFile; fileRef = B6F4788F8FB02E38A4345DBB /* Pods_ancientStore.framework */; };
/* End PBXBuildFile section */

/* Begin PBXFileReference section */
		012771EC0962A360145A262D /* Pods-ancientStore.debug.xcconfig */ = {isa = PBXFileReference; includeInIndex = 1; lastKnownFileType = text.xcconfig; name = "Pods-ancientStore.debug.xcconfig"; path = "Pods/Target Support Files/Pods-ancientStore/Pods-ancientStore.debug.xcconfig"; sourceTree = "<group>"; };
		160A8927239DD37400862E91 /* MessageTableViewController.swift */ = {isa = PBXFileReference; lastKnownFileType = sourcecode.swift; path = MessageTableViewController.swift; sourceTree = "<group>"; };
		160A8929239DD39000862E91 /* MessageTableViewCell.swift */ = {isa = PBXFileReference; lastKnownFileType = sourcecode.swift; path = MessageTableViewCell.swift; sourceTree = "<group>"; };
		1671427D238F790600C94991 /* launchMusic.mp3 */ = {isa = PBXFileReference; lastKnownFileType = audio.mp3; path = launchMusic.mp3; sourceTree = "<group>"; };
		1671427F238F7FA600C94991 /* coinMusic.mp3 */ = {isa = PBXFileReference; lastKnownFileType = audio.mp3; path = coinMusic.mp3; sourceTree = "<group>"; };
		16764B1C239A2F650016F887 /* HttpManager.swift */ = {isa = PBXFileReference; lastKnownFileType = sourcecode.swift; path = HttpManager.swift; sourceTree = "<group>"; };
		16BC3CB1238CBAFD00205DB7 /* HomeViewController.swift */ = {isa = PBXFileReference; lastKnownFileType = sourcecode.swift; path = HomeViewController.swift; sourceTree = "<group>"; };
		16D8BAF8238B7C740022D62A /* Arcadia.app */ = {isa = PBXFileReference; explicitFileType = wrapper.application; includeInIndex = 0; path = Arcadia.app; sourceTree = BUILT_PRODUCTS_DIR; };
		16D8BAFB238B7C740022D62A /* AppDelegate.swift */ = {isa = PBXFileReference; lastKnownFileType = sourcecode.swift; path = AppDelegate.swift; sourceTree = "<group>"; };
		16D8BAFD238B7C740022D62A /* SceneDelegate.swift */ = {isa = PBXFileReference; lastKnownFileType = sourcecode.swift; path = SceneDelegate.swift; sourceTree = "<group>"; };
		16D8BB02238B7C740022D62A /* Base */ = {isa = PBXFileReference; lastKnownFileType = file.storyboard; name = Base; path = Base.lproj/Main.storyboard; sourceTree = "<group>"; };
		16D8BB04238B7C750022D62A /* Assets.xcassets */ = {isa = PBXFileReference; lastKnownFileType = folder.assetcatalog; path = Assets.xcassets; sourceTree = "<group>"; };
		16D8BB07238B7C750022D62A /* Base */ = {isa = PBXFileReference; lastKnownFileType = file.storyboard; name = Base; path = Base.lproj/LaunchScreen.storyboard; sourceTree = "<group>"; };
		16D8BB09238B7C750022D62A /* Info.plist */ = {isa = PBXFileReference; lastKnownFileType = text.plist.xml; path = Info.plist; sourceTree = "<group>"; };
		16D8BB12238B7CDF0022D62A /* APIStruct.swift */ = {isa = PBXFileReference; lastKnownFileType = sourcecode.swift; path = APIStruct.swift; sourceTree = "<group>"; };
		16D8BB15238B86600022D62A /* LoginViewController.swift */ = {isa = PBXFileReference; lastKnownFileType = sourcecode.swift; path = LoginViewController.swift; sourceTree = "<group>"; };
		16D8BB17238B9F300022D62A /* StoreViewController.swift */ = {isa = PBXFileReference; lastKnownFileType = sourcecode.swift; path = StoreViewController.swift; sourceTree = "<group>"; };
		16D8BB19238BA4540022D62A /* AddItemViewController.swift */ = {isa = PBXFileReference; lastKnownFileType = sourcecode.swift; path = AddItemViewController.swift; sourceTree = "<group>"; };
		16D8BB1B238BB4E90022D62A /* ItemTableViewCell.swift */ = {isa = PBXFileReference; lastKnownFileType = sourcecode.swift; path = ItemTableViewCell.swift; sourceTree = "<group>"; };
		16D8BB1D238BBCDA0022D62A /* EnumModel.swift */ = {isa = PBXFileReference; lastKnownFileType = sourcecode.swift; path = EnumModel.swift; sourceTree = "<group>"; };
		16DD5396238EA1A500434036 /* DepositViewController.swift */ = {isa = PBXFileReference; lastKnownFileType = sourcecode.swift; path = DepositViewController.swift; sourceTree = "<group>"; };
		49661867AB92A9A03BA0DA42 /* Pods-ancientStore.release.xcconfig */ = {isa = PBXFileReference; includeInIndex = 1; lastKnownFileType = text.xcconfig; name = "Pods-ancientStore.release.xcconfig"; path = "Pods/Target Support Files/Pods-ancientStore/Pods-ancientStore.release.xcconfig"; sourceTree = "<group>"; };
		B6F4788F8FB02E38A4345DBB /* Pods_ancientStore.framework */ = {isa = PBXFileReference; explicitFileType = wrapper.framework; includeInIndex = 0; path = Pods_ancientStore.framework; sourceTree = BUILT_PRODUCTS_DIR; };
/* End PBXFileReference section */

/* Begin PBXFrameworksBuildPhase section */
		16D8BAF5238B7C740022D62A /* Frameworks */ = {
			isa = PBXFrameworksBuildPhase;
			buildActionMask = 2147483647;
			files = (
				B86114BE2EB2AA0E4E9BC6BF /* Pods_ancientStore.framework in Frameworks */,
			);
			runOnlyForDeploymentPostprocessing = 0;
		};
/* End PBXFrameworksBuildPhase section */

/* Begin PBXGroup section */
		16D8BAEF238B7C740022D62A = {
			isa = PBXGroup;
			children = (
				16D8BAFA238B7C740022D62A /* ancientStore */,
				16D8BAF9238B7C740022D62A /* Products */,
				22CF7616661D6F166A6D92B2 /* Pods */,
				2D701972DC4764796EF4BDFA /* Frameworks */,
			);
			sourceTree = "<group>";
		};
		16D8BAF9238B7C740022D62A /* Products */ = {
			isa = PBXGroup;
			children = (
				16D8BAF8238B7C740022D62A /* Arcadia.app */,
			);
			name = Products;
			sourceTree = "<group>";
		};
		16D8BAFA238B7C740022D62A /* ancientStore */ = {
			isa = PBXGroup;
			children = (
				1671427D238F790600C94991 /* launchMusic.mp3 */,
				1671427F238F7FA600C94991 /* coinMusic.mp3 */,
				16D8BB14238B7CE40022D62A /* Model */,
				16D8BB10238B7CA20022D62A /* View */,
				16D8BB11238B7CB50022D62A /* Controller */,
				16D8BB0F238B7C920022D62A /* Supporting Files */,
				16D8BB04238B7C750022D62A /* Assets.xcassets */,
				16D8BB09238B7C750022D62A /* Info.plist */,
			);
			path = ancientStore;
			sourceTree = "<group>";
		};
		16D8BB0F238B7C920022D62A /* Supporting Files */ = {
			isa = PBXGroup;
			children = (
				16D8BAFB238B7C740022D62A /* AppDelegate.swift */,
				16D8BAFD238B7C740022D62A /* SceneDelegate.swift */,
			);
			path = "Supporting Files";
			sourceTree = "<group>";
		};
		16D8BB10238B7CA20022D62A /* View */ = {
			isa = PBXGroup;
			children = (
				16D8BB01238B7C740022D62A /* Main.storyboard */,
				16D8BB06238B7C750022D62A /* LaunchScreen.storyboard */,
				16D8BB1B238BB4E90022D62A /* ItemTableViewCell.swift */,
				160A8929239DD39000862E91 /* MessageTableViewCell.swift */,
			);
			path = View;
			sourceTree = "<group>";
		};
		16D8BB11238B7CB50022D62A /* Controller */ = {
			isa = PBXGroup;
			children = (
				16D8BB15238B86600022D62A /* LoginViewController.swift */,
				16BC3CB1238CBAFD00205DB7 /* HomeViewController.swift */,
				16DD5396238EA1A500434036 /* DepositViewController.swift */,
				160A8927239DD37400862E91 /* MessageTableViewController.swift */,
				16D8BB17238B9F300022D62A /* StoreViewController.swift */,
				16D8BB19238BA4540022D62A /* AddItemViewController.swift */,
			);
			path = Controller;
			sourceTree = "<group>";
		};
		16D8BB14238B7CE40022D62A /* Model */ = {
			isa = PBXGroup;
			children = (
				16D8BB12238B7CDF0022D62A /* APIStruct.swift */,
				16D8BB1D238BBCDA0022D62A /* EnumModel.swift */,
				16764B1C239A2F650016F887 /* HttpManager.swift */,
			);
			path = Model;
			sourceTree = "<group>";
		};
		22CF7616661D6F166A6D92B2 /* Pods */ = {
			isa = PBXGroup;
			children = (
				012771EC0962A360145A262D /* Pods-ancientStore.debug.xcconfig */,
				49661867AB92A9A03BA0DA42 /* Pods-ancientStore.release.xcconfig */,
			);
			name = Pods;
			sourceTree = "<group>";
		};
		2D701972DC4764796EF4BDFA /* Frameworks */ = {
			isa = PBXGroup;
			children = (
				B6F4788F8FB02E38A4345DBB /* Pods_ancientStore.framework */,
			);
			name = Frameworks;
			sourceTree = "<group>";
		};
/* End PBXGroup section */

/* Begin PBXNativeTarget section */
		16D8BAF7238B7C740022D62A /* ancientStore */ = {
			isa = PBXNativeTarget;
			buildConfigurationList = 16D8BB0C238B7C750022D62A /* Build configuration list for PBXNativeTarget "ancientStore" */;
			buildPhases = (
				B19EFE7047DAB951410FC5DC /* [CP] Check Pods Manifest.lock */,
				16D8BAF4238B7C740022D62A /* Sources */,
				16D8BAF5238B7C740022D62A /* Frameworks */,
				16D8BAF6238B7C740022D62A /* Resources */,
				FCFB2CAB7B51574902F59993 /* [CP] Embed Pods Frameworks */,
			);
			buildRules = (
			);
			dependencies = (
			);
			name = ancientStore;
			productName = ancientStore;
			productReference = 16D8BAF8238B7C740022D62A /* Arcadia.app */;
			productType = "com.apple.product-type.application";
		};
/* End PBXNativeTarget section */

/* Begin PBXProject section */
		16D8BAF0238B7C740022D62A /* Project object */ = {
			isa = PBXProject;
			attributes = {
				LastSwiftUpdateCheck = 1120;
				LastUpgradeCheck = 1120;
				ORGANIZATIONNAME = Lacie;
				TargetAttributes = {
					16D8BAF7238B7C740022D62A = {
						CreatedOnToolsVersion = 11.2.1;
					};
				};
			};
			buildConfigurationList = 16D8BAF3238B7C740022D62A /* Build configuration list for PBXProject "ancientStore" */;
			compatibilityVersion = "Xcode 9.3";
			developmentRegion = en;
			hasScannedForEncodings = 0;
			knownRegions = (
				en,
				Base,
			);
			mainGroup = 16D8BAEF238B7C740022D62A;
			productRefGroup = 16D8BAF9238B7C740022D62A /* Products */;
			projectDirPath = "";
			projectRoot = "";
			targets = (
				16D8BAF7238B7C740022D62A /* ancientStore */,
			);
		};
/* End PBXProject section */

/* Begin PBXResourcesBuildPhase section */
		16D8BAF6238B7C740022D62A /* Resources */ = {
			isa = PBXResourcesBuildPhase;
			buildActionMask = 2147483647;
			files = (
				16D8BB08238B7C750022D62A /* LaunchScreen.storyboard in Resources */,
				1671427E238F790600C94991 /* launchMusic.mp3 in Resources */,
				16D8BB05238B7C750022D62A /* Assets.xcassets in Resources */,
				16714280238F7FA700C94991 /* coinMusic.mp3 in Resources */,
				16D8BB03238B7C740022D62A /* Main.storyboard in Resources */,
			);
			runOnlyForDeploymentPostprocessing = 0;
		};
/* End PBXResourcesBuildPhase section */

/* Begin PBXShellScriptBuildPhase section */
		B19EFE7047DAB951410FC5DC /* [CP] Check Pods Manifest.lock */ = {
			isa = PBXShellScriptBuildPhase;
			buildActionMask = 2147483647;
			files = (
			);
			inputPaths = (
				"${PODS_PODFILE_DIR_PATH}/Podfile.lock",
				"${PODS_ROOT}/Manifest.lock",
			);
			name = "[CP] Check Pods Manifest.lock";
			outputPaths = (
				"$(DERIVED_FILE_DIR)/Pods-ancientStore-checkManifestLockResult.txt",
			);
			runOnlyForDeploymentPostprocessing = 0;
			shellPath = /bin/sh;
			shellScript = "diff \"${PODS_PODFILE_DIR_PATH}/Podfile.lock\" \"${PODS_ROOT}/Manifest.lock\" > /dev/null\nif [ $? != 0 ] ; then\n    # print error to STDERR\n    echo \"error: The sandbox is not in sync with the Podfile.lock. Run 'pod install' or update your CocoaPods installation.\" >&2\n    exit 1\nfi\n# This output is used by Xcode 'outputs' to avoid re-running this script phase.\necho \"SUCCESS\" > \"${SCRIPT_OUTPUT_FILE_0}\"\n";
			showEnvVarsInLog = 0;
		};
		FCFB2CAB7B51574902F59993 /* [CP] Embed Pods Frameworks */ = {
			isa = PBXShellScriptBuildPhase;
			buildActionMask = 2147483647;
			files = (
			);
			inputPaths = (
				"${SRCROOT}/Pods/Target Support Files/Pods-ancientStore/Pods-ancientStore-frameworks.sh",
				"${BUILT_PRODUCTS_DIR}/ImageScrollView/ImageScrollView.framework",
			);
			name = "[CP] Embed Pods Frameworks";
			outputPaths = (
				"${TARGET_BUILD_DIR}/${FRAMEWORKS_FOLDER_PATH}/ImageScrollView.framework",
			);
			runOnlyForDeploymentPostprocessing = 0;
			shellPath = /bin/sh;
			shellScript = "\"${SRCROOT}/Pods/Target Support Files/Pods-ancientStore/Pods-ancientStore-frameworks.sh\"\n";
			showEnvVarsInLog = 0;
		};
/* End PBXShellScriptBuildPhase section */

/* Begin PBXSourcesBuildPhase section */
		16D8BAF4238B7C740022D62A /* Sources */ = {
			isa = PBXSourcesBuildPhase;
			buildActionMask = 2147483647;
			files = (
				16D8BB1E238BBCDA0022D62A /* EnumModel.swift in Sources */,
				16D8BB18238B9F300022D62A /* StoreViewController.swift in Sources */,
				16D8BB13238B7CDF0022D62A /* APIStruct.swift in Sources */,
				16764B1D239A2F650016F887 /* HttpManager.swift in Sources */,
				16D8BAFC238B7C740022D62A /* AppDelegate.swift in Sources */,
				16D8BB16238B86600022D62A /* LoginViewController.swift in Sources */,
				16BC3CB2238CBAFD00205DB7 /* HomeViewController.swift in Sources */,
				160A892A239DD39000862E91 /* MessageTableViewCell.swift in Sources */,
				16D8BAFE238B7C740022D62A /* SceneDelegate.swift in Sources */,
				16D8BB1C238BB4E90022D62A /* ItemTableViewCell.swift in Sources */,
				16D8BB1A238BA4540022D62A /* AddItemViewController.swift in Sources */,
				160A8928239DD37400862E91 /* MessageTableViewController.swift in Sources */,
				16DD5397238EA1A500434036 /* DepositViewController.swift in Sources */,
			);
			runOnlyForDeploymentPostprocessing = 0;
		};
/* End PBXSourcesBuildPhase section */

/* Begin PBXVariantGroup section */
		16D8BB01238B7C740022D62A /* Main.storyboard */ = {
			isa = PBXVariantGroup;
			children = (
				16D8BB02238B7C740022D62A /* Base */,
			);
			name = Main.storyboard;
			sourceTree = "<group>";
		};
		16D8BB06238B7C750022D62A /* LaunchScreen.storyboard */ = {
			isa = PBXVariantGroup;
			children = (
				16D8BB07238B7C750022D62A /* Base */,
			);
			name = LaunchScreen.storyboard;
			sourceTree = "<group>";
		};
/* End PBXVariantGroup section */

/* Begin XCBuildConfiguration section */
		16D8BB0A238B7C750022D62A /* Debug */ = {
			isa = XCBuildConfiguration;
			buildSettings = {
				ALWAYS_SEARCH_USER_PATHS = NO;
				CLANG_ANALYZER_NONNULL = YES;
				CLANG_ANALYZER_NUMBER_OBJECT_CONVERSION = YES_AGGRESSIVE;
				CLANG_CXX_LANGUAGE_STANDARD = "gnu++14";
				CLANG_CXX_LIBRARY = "libc++";
				CLANG_ENABLE_MODULES = YES;
				CLANG_ENABLE_OBJC_ARC = YES;
				CLANG_ENABLE_OBJC_WEAK = YES;
				CLANG_WARN_BLOCK_CAPTURE_AUTORELEASING = YES;
				CLANG_WARN_BOOL_CONVERSION = YES;
				CLANG_WARN_COMMA = YES;
				CLANG_WARN_CONSTANT_CONVERSION = YES;
				CLANG_WARN_DEPRECATED_OBJC_IMPLEMENTATIONS = YES;
				CLANG_WARN_DIRECT_OBJC_ISA_USAGE = YES_ERROR;
				CLANG_WARN_DOCUMENTATION_COMMENTS = YES;
				CLANG_WARN_EMPTY_BODY = YES;
				CLANG_WARN_ENUM_CONVERSION = YES;
				CLANG_WARN_INFINITE_RECURSION = YES;
				CLANG_WARN_INT_CONVERSION = YES;
				CLANG_WARN_NON_LITERAL_NULL_CONVERSION = YES;
				CLANG_WARN_OBJC_IMPLICIT_RETAIN_SELF = YES;
				CLANG_WARN_OBJC_LITERAL_CONVERSION = YES;
				CLANG_WARN_OBJC_ROOT_CLASS = YES_ERROR;
				CLANG_WARN_RANGE_LOOP_ANALYSIS = YES;
				CLANG_WARN_STRICT_PROTOTYPES = YES;
				CLANG_WARN_SUSPICIOUS_MOVE = YES;
				CLANG_WARN_UNGUARDED_AVAILABILITY = YES_AGGRESSIVE;
				CLANG_WARN_UNREACHABLE_CODE = YES;
				CLANG_WARN__DUPLICATE_METHOD_MATCH = YES;
				COPY_PHASE_STRIP = NO;
				DEBUG_INFORMATION_FORMAT = dwarf;
				ENABLE_STRICT_OBJC_MSGSEND = YES;
				ENABLE_TESTABILITY = YES;
				GCC_C_LANGUAGE_STANDARD = gnu11;
				GCC_DYNAMIC_NO_PIC = NO;
				GCC_NO_COMMON_BLOCKS = YES;
				GCC_OPTIMIZATION_LEVEL = 0;
				GCC_PREPROCESSOR_DEFINITIONS = (
					"DEBUG=1",
					"$(inherited)",
				);
				GCC_WARN_64_TO_32_BIT_CONVERSION = YES;
				GCC_WARN_ABOUT_RETURN_TYPE = YES_ERROR;
				GCC_WARN_UNDECLARED_SELECTOR = YES;
				GCC_WARN_UNINITIALIZED_AUTOS = YES_AGGRESSIVE;
				GCC_WARN_UNUSED_FUNCTION = YES;
				GCC_WARN_UNUSED_VARIABLE = YES;
				IPHONEOS_DEPLOYMENT_TARGET = 13.2;
				MTL_ENABLE_DEBUG_INFO = INCLUDE_SOURCE;
				MTL_FAST_MATH = YES;
				ONLY_ACTIVE_ARCH = YES;
				SDKROOT = iphoneos;
				SWIFT_ACTIVE_COMPILATION_CONDITIONS = DEBUG;
				SWIFT_OPTIMIZATION_LEVEL = "-Onone";
			};
			name = Debug;
		};
		16D8BB0B238B7C750022D62A /* Release */ = {
			isa = XCBuildConfiguration;
			buildSettings = {
				ALWAYS_SEARCH_USER_PATHS = NO;
				CLANG_ANALYZER_NONNULL = YES;
				CLANG_ANALYZER_NUMBER_OBJECT_CONVERSION = YES_AGGRESSIVE;
				CLANG_CXX_LANGUAGE_STANDARD = "gnu++14";
				CLANG_CXX_LIBRARY = "libc++";
				CLANG_ENABLE_MODULES = YES;
				CLANG_ENABLE_OBJC_ARC = YES;
				CLANG_ENABLE_OBJC_WEAK = YES;
				CLANG_WARN_BLOCK_CAPTURE_AUTORELEASING = YES;
				CLANG_WARN_BOOL_CONVERSION = YES;
				CLANG_WARN_COMMA = YES;
				CLANG_WARN_CONSTANT_CONVERSION = YES;
				CLANG_WARN_DEPRECATED_OBJC_IMPLEMENTATIONS = YES;
				CLANG_WARN_DIRECT_OBJC_ISA_USAGE = YES_ERROR;
				CLANG_WARN_DOCUMENTATION_COMMENTS = YES;
				CLANG_WARN_EMPTY_BODY = YES;
				CLANG_WARN_ENUM_CONVERSION = YES;
				CLANG_WARN_INFINITE_RECURSION = YES;
				CLANG_WARN_INT_CONVERSION = YES;
				CLANG_WARN_NON_LITERAL_NULL_CONVERSION = YES;
				CLANG_WARN_OBJC_IMPLICIT_RETAIN_SELF = YES;
				CLANG_WARN_OBJC_LITERAL_CONVERSION = YES;
				CLANG_WARN_OBJC_ROOT_CLASS = YES_ERROR;
				CLANG_WARN_RANGE_LOOP_ANALYSIS = YES;
				CLANG_WARN_STRICT_PROTOTYPES = YES;
				CLANG_WARN_SUSPICIOUS_MOVE = YES;
				CLANG_WARN_UNGUARDED_AVAILABILITY = YES_AGGRESSIVE;
				CLANG_WARN_UNREACHABLE_CODE = YES;
				CLANG_WARN__DUPLICATE_METHOD_MATCH = YES;
				COPY_PHASE_STRIP = NO;
				DEBUG_INFORMATION_FORMAT = "dwarf-with-dsym";
				ENABLE_NS_ASSERTIONS = NO;
				ENABLE_STRICT_OBJC_MSGSEND = YES;
				GCC_C_LANGUAGE_STANDARD = gnu11;
				GCC_NO_COMMON_BLOCKS = YES;
				GCC_WARN_64_TO_32_BIT_CONVERSION = YES;
				GCC_WARN_ABOUT_RETURN_TYPE = YES_ERROR;
				GCC_WARN_UNDECLARED_SELECTOR = YES;
				GCC_WARN_UNINITIALIZED_AUTOS = YES_AGGRESSIVE;
				GCC_WARN_UNUSED_FUNCTION = YES;
				GCC_WARN_UNUSED_VARIABLE = YES;
				IPHONEOS_DEPLOYMENT_TARGET = 13.2;
				MTL_ENABLE_DEBUG_INFO = NO;
				MTL_FAST_MATH = YES;
				SDKROOT = iphoneos;
				SWIFT_COMPILATION_MODE = wholemodule;
				SWIFT_OPTIMIZATION_LEVEL = "-O";
				VALIDATE_PRODUCT = YES;
			};
			name = Release;
		};
		16D8BB0D238B7C750022D62A /* Debug */ = {
			isa = XCBuildConfiguration;
			baseConfigurationReference = 012771EC0962A360145A262D /* Pods-ancientStore.debug.xcconfig */;
			buildSettings = {
				ASSETCATALOG_COMPILER_APPICON_NAME = AppIcon;
				CODE_SIGN_STYLE = Automatic;
				DEVELOPMENT_TEAM = LNL6T3MTH9;
				INFOPLIST_FILE = ancientStore/Info.plist;
				LD_RUNPATH_SEARCH_PATHS = (
					"$(inherited)",
					"@executable_path/Frameworks",
				);
				PRODUCT_BUNDLE_IDENTIFIER = com.Lacie.ancientStore;
				PRODUCT_NAME = Arcadia;
				SWIFT_VERSION = 5.0;
				TARGETED_DEVICE_FAMILY = "1,2";
			};
			name = Debug;
		};
		16D8BB0E238B7C750022D62A /* Release */ = {
			isa = XCBuildConfiguration;
			baseConfigurationReference = 49661867AB92A9A03BA0DA42 /* Pods-ancientStore.release.xcconfig */;
			buildSettings = {
				ASSETCATALOG_COMPILER_APPICON_NAME = AppIcon;
				CODE_SIGN_STYLE = Automatic;
				DEVELOPMENT_TEAM = LNL6T3MTH9;
				INFOPLIST_FILE = ancientStore/Info.plist;
				LD_RUNPATH_SEARCH_PATHS = (
					"$(inherited)",
					"@executable_path/Frameworks",
				);
				PRODUCT_BUNDLE_IDENTIFIER = com.Lacie.ancientStore;
				PRODUCT_NAME = Arcadia;
				SWIFT_VERSION = 5.0;
				TARGETED_DEVICE_FAMILY = "1,2";
			};
			name = Release;
		};
/* End XCBuildConfiguration section */

/* Begin XCConfigurationList section */
		16D8BAF3238B7C740022D62A /* Build configuration list for PBXProject "ancientStore" */ = {
			isa = XCConfigurationList;
			buildConfigurations = (
				16D8BB0A238B7C750022D62A /* Debug */,
				16D8BB0B238B7C750022D62A /* Release */,
			);
			defaultConfigurationIsVisible = 0;
			defaultConfigurationName = Release;
		};
		16D8BB0C238B7C750022D62A /* Build configuration list for PBXNativeTarget "ancientStore" */ = {
			isa = XCConfigurationList;
			buildConfigurations = (
				16D8BB0D238B7C750022D62A /* Debug */,
				16D8BB0E238B7C750022D62A /* Release */,
			);
			defaultConfigurationIsVisible = 0;
			defaultConfigurationName = Release;
		};
/* End XCConfigurationList section */
	};
	rootObject = 16D8BAF0238B7C740022D62A /* Project object */;
}
