PODS:
  - EFCountingLabel (5.1.1)
  - ImageScrollView (1.8)

DEPENDENCIES:
  - EFCountingLabel
  - ImageScrollView

SPEC REPOS:
  https://github.com/CocoaPods/Specs.git:
    - ImageScrollView
  trunk:
    - EFCountingLabel

SPEC CHECKSUMS:
  EFCountingLabel: 605358591a67a3c92feb7ec32486bfab4a30e2c9
  ImageScrollView: 82912273486297285682bdb2a806742f0d39940c

PODFILE CHECKSUM: 4566ef72577fe56a4c56b025a68b5ea93eb7d15a

COCOAPODS: 1.8.4
